
Microsoft Visual Studio Solution File, Format Version 12.00
# Visual Studio Version 16
VisualStudioVersion = 16.0.31129.286
MinimumVisualStudioVersion = 10.0.40219.1
Project("{FAE04EC0-301F-11D3-BF4B-00C04F79EFBC}") = "nn_study", "nn_study\nn_study.csproj", "{97CA0BFA-F387-4546-BB88-229E4CC3CF04}"
EndProject
Global
	GlobalSection(SolutionConfigurationPlatforms) = preSolution
		Debug|Any CPU = Debug|Any CPU
		Release|Any CPU = Release|Any CPU
	EndGlobalSection
	GlobalSection(ProjectConfigurationPlatforms) = postSolution
		{97CA0BFA-F387-4546-BB88-229E4CC3CF04}.Debug|Any CPU.ActiveCfg = Debug|Any CPU
		{97CA0BFA-F387-4546-BB88-229E4CC3CF04}.Debug|Any CPU.Build.0 = Debug|Any CPU
		{97CA0BFA-F387-4546-BB88-229E4CC3CF04}.Release|Any CPU.ActiveCfg = Release|Any CPU
		{97CA0BFA-F387-4546-BB88-229E4CC3CF04}.Release|Any CPU.Build.0 = Release|Any CPU
	EndGlobalSection
	GlobalSection(SolutionProperties) = preSolution
		HideSolutionNode = FALSE
	EndGlobalSection
	GlobalSection(ExtensibilityGlobals) = postSolution
		SolutionGuid = {D4CCF867-F88A-4C06-88BD-97005DE7EE7F}
	EndGlobalSection
EndGlobal
